
Microsoft Visual Studio Solution File, Format Version 12.00
# Visual Studio Version 17
VisualStudioVersion = 17.4.33122.133
MinimumVisualStudioVersion = 10.0.40219.1
Project("{8BC9CEB8-8B4A-11D0-8D11-00A0C91BC942}") = "BOE_CW_H", "BOE_CW_H\BOE_CW_H.vcxproj", "{1993513E-6E04-4FD0-8236-04FE9A0B34FA}"
EndProject
Project("{8BC9CEB8-8B4A-11D0-8D11-00A0C91BC942}") = "LogDecrypt", "LogDecrypt\LogDecrypt.vcxproj", "{C6E71A36-C0D7-4E63-98C9-698CB7B27856}"
EndProject
Project("{8BC9CEB8-8B4A-11D0-8D11-00A0C91BC942}") = "BOE_MES", "BOE_MES\BOE_MES.vcxproj", "{5E2EEC95-E9D0-460C-9342-E05E7BB0CCAD}"
EndProject
Project("{8BC9CEB8-8B4A-11D0-8D11-00A0C91BC942}") = "TestMES", "TestMES\TestMES.vcxproj", "{C1EC844B-05E1-42F1-99FD-A72A722F6EC5}"
EndProject
Project("{8BC9CEB8-8B4A-11D0-8D11-00A0C91BC942}") = "ConfigSafeDog", "ConfigSafeDog\ConfigSafeDog.vcxproj", "{3BE04A70-C201-47FA-BB85-2D8737562408}"
EndProject
Global
	GlobalSection(SolutionConfigurationPlatforms) = preSolution
		CW_Debug|x64 = CW_Debug|x64
		CW_Debug|x86 = CW_Debug|x86
		CW_Release|x64 = CW_Release|x64
		CW_Release|x86 = CW_Release|x86
		Debug|x64 = Debug|x64
		Debug|x86 = Debug|x86
		MC_Release|x64 = MC_Release|x64
		MC_Release|x86 = MC_Release|x86
		OBA_Release|x64 = OBA_Release|x64
		OBA_Release|x86 = OBA_Release|x86
		Release|x64 = Release|x64
		Release|x86 = Release|x86
	EndGlobalSection
	GlobalSection(ProjectConfigurationPlatforms) = postSolution
		{1993513E-6E04-4FD0-8236-04FE9A0B34FA}.CW_Debug|x64.ActiveCfg = CW_Debug|x64
		{1993513E-6E04-4FD0-8236-04FE9A0B34FA}.CW_Debug|x64.Build.0 = CW_Debug|x64
		{1993513E-6E04-4FD0-8236-04FE9A0B34FA}.CW_Debug|x86.ActiveCfg = CW_Debug|Win32
		{1993513E-6E04-4FD0-8236-04FE9A0B34FA}.CW_Debug|x86.Build.0 = CW_Debug|Win32
		{1993513E-6E04-4FD0-8236-04FE9A0B34FA}.CW_Release|x64.ActiveCfg = CW_Release|x64
		{1993513E-6E04-4FD0-8236-04FE9A0B34FA}.CW_Release|x64.Build.0 = CW_Release|x64
		{1993513E-6E04-4FD0-8236-04FE9A0B34FA}.CW_Release|x86.ActiveCfg = CW_Release|Win32
		{1993513E-6E04-4FD0-8236-04FE9A0B34FA}.CW_Release|x86.Build.0 = CW_Release|Win32
		{1993513E-6E04-4FD0-8236-04FE9A0B34FA}.Debug|x64.ActiveCfg = Debug|x64
		{1993513E-6E04-4FD0-8236-04FE9A0B34FA}.Debug|x64.Build.0 = Debug|x64
		{1993513E-6E04-4FD0-8236-04FE9A0B34FA}.Debug|x86.ActiveCfg = Debug|Win32
		{1993513E-6E04-4FD0-8236-04FE9A0B34FA}.Debug|x86.Build.0 = Debug|Win32
		{1993513E-6E04-4FD0-8236-04FE9A0B34FA}.MC_Release|x64.ActiveCfg = MC_Release|x64
		{1993513E-6E04-4FD0-8236-04FE9A0B34FA}.MC_Release|x64.Build.0 = MC_Release|x64
		{1993513E-6E04-4FD0-8236-04FE9A0B34FA}.MC_Release|x86.ActiveCfg = MC_Release|Win32
		{1993513E-6E04-4FD0-8236-04FE9A0B34FA}.MC_Release|x86.Build.0 = MC_Release|Win32
		{1993513E-6E04-4FD0-8236-04FE9A0B34FA}.OBA_Release|x64.ActiveCfg = OBA_Release|x64
		{1993513E-6E04-4FD0-8236-04FE9A0B34FA}.OBA_Release|x64.Build.0 = OBA_Release|x64
		{1993513E-6E04-4FD0-8236-04FE9A0B34FA}.OBA_Release|x86.ActiveCfg = OBA_Release|Win32
		{1993513E-6E04-4FD0-8236-04FE9A0B34FA}.OBA_Release|x86.Build.0 = OBA_Release|Win32
		{1993513E-6E04-4FD0-8236-04FE9A0B34FA}.Release|x64.ActiveCfg = Release|x64
		{1993513E-6E04-4FD0-8236-04FE9A0B34FA}.Release|x64.Build.0 = Release|x64
		{1993513E-6E04-4FD0-8236-04FE9A0B34FA}.Release|x86.ActiveCfg = Release|Win32
		{1993513E-6E04-4FD0-8236-04FE9A0B34FA}.Release|x86.Build.0 = Release|Win32
		{C6E71A36-C0D7-4E63-98C9-698CB7B27856}.CW_Debug|x64.ActiveCfg = Debug|x64
		{C6E71A36-C0D7-4E63-98C9-698CB7B27856}.CW_Debug|x64.Build.0 = Debug|x64
		{C6E71A36-C0D7-4E63-98C9-698CB7B27856}.CW_Debug|x86.ActiveCfg = Debug|Win32
		{C6E71A36-C0D7-4E63-98C9-698CB7B27856}.CW_Debug|x86.Build.0 = Debug|Win32
		{C6E71A36-C0D7-4E63-98C9-698CB7B27856}.CW_Release|x64.ActiveCfg = Release|x64
		{C6E71A36-C0D7-4E63-98C9-698CB7B27856}.CW_Release|x64.Build.0 = Release|x64
		{C6E71A36-C0D7-4E63-98C9-698CB7B27856}.CW_Release|x86.ActiveCfg = Release|Win32
		{C6E71A36-C0D7-4E63-98C9-698CB7B27856}.CW_Release|x86.Build.0 = Release|Win32
		{C6E71A36-C0D7-4E63-98C9-698CB7B27856}.Debug|x64.ActiveCfg = Debug|x64
		{C6E71A36-C0D7-4E63-98C9-698CB7B27856}.Debug|x64.Build.0 = Debug|x64
		{C6E71A36-C0D7-4E63-98C9-698CB7B27856}.Debug|x86.ActiveCfg = Debug|Win32
		{C6E71A36-C0D7-4E63-98C9-698CB7B27856}.Debug|x86.Build.0 = Debug|Win32
		{C6E71A36-C0D7-4E63-98C9-698CB7B27856}.MC_Release|x64.ActiveCfg = Release|x64
		{C6E71A36-C0D7-4E63-98C9-698CB7B27856}.MC_Release|x64.Build.0 = Release|x64
		{C6E71A36-C0D7-4E63-98C9-698CB7B27856}.MC_Release|x86.ActiveCfg = Release|Win32
		{C6E71A36-C0D7-4E63-98C9-698CB7B27856}.MC_Release|x86.Build.0 = Release|Win32
		{C6E71A36-C0D7-4E63-98C9-698CB7B27856}.OBA_Release|x64.ActiveCfg = OBA_Release|x64
		{C6E71A36-C0D7-4E63-98C9-698CB7B27856}.OBA_Release|x64.Build.0 = OBA_Release|x64
		{C6E71A36-C0D7-4E63-98C9-698CB7B27856}.OBA_Release|x86.ActiveCfg = Release|Win32
		{C6E71A36-C0D7-4E63-98C9-698CB7B27856}.OBA_Release|x86.Build.0 = Release|Win32
		{C6E71A36-C0D7-4E63-98C9-698CB7B27856}.Release|x64.ActiveCfg = Release|x64
		{C6E71A36-C0D7-4E63-98C9-698CB7B27856}.Release|x64.Build.0 = Release|x64
		{C6E71A36-C0D7-4E63-98C9-698CB7B27856}.Release|x86.ActiveCfg = Release|Win32
		{C6E71A36-C0D7-4E63-98C9-698CB7B27856}.Release|x86.Build.0 = Release|Win32
		{5E2EEC95-E9D0-460C-9342-E05E7BB0CCAD}.CW_Debug|x64.ActiveCfg = Debug|x64
		{5E2EEC95-E9D0-460C-9342-E05E7BB0CCAD}.CW_Debug|x64.Build.0 = Debug|x64
		{5E2EEC95-E9D0-460C-9342-E05E7BB0CCAD}.CW_Debug|x86.ActiveCfg = Debug|Win32
		{5E2EEC95-E9D0-460C-9342-E05E7BB0CCAD}.CW_Debug|x86.Build.0 = Debug|Win32
		{5E2EEC95-E9D0-460C-9342-E05E7BB0CCAD}.CW_Release|x64.ActiveCfg = Release|x64
		{5E2EEC95-E9D0-460C-9342-E05E7BB0CCAD}.CW_Release|x64.Build.0 = Release|x64
		{5E2EEC95-E9D0-460C-9342-E05E7BB0CCAD}.CW_Release|x86.ActiveCfg = Release|Win32
		{5E2EEC95-E9D0-460C-9342-E05E7BB0CCAD}.CW_Release|x86.Build.0 = Release|Win32
		{5E2EEC95-E9D0-460C-9342-E05E7BB0CCAD}.Debug|x64.ActiveCfg = Debug|x64
		{5E2EEC95-E9D0-460C-9342-E05E7BB0CCAD}.Debug|x64.Build.0 = Debug|x64
		{5E2EEC95-E9D0-460C-9342-E05E7BB0CCAD}.Debug|x86.ActiveCfg = Debug|Win32
		{5E2EEC95-E9D0-460C-9342-E05E7BB0CCAD}.Debug|x86.Build.0 = Debug|Win32
		{5E2EEC95-E9D0-460C-9342-E05E7BB0CCAD}.MC_Release|x64.ActiveCfg = Release|x64
		{5E2EEC95-E9D0-460C-9342-E05E7BB0CCAD}.MC_Release|x64.Build.0 = Release|x64
		{5E2EEC95-E9D0-460C-9342-E05E7BB0CCAD}.MC_Release|x86.ActiveCfg = Release|Win32
		{5E2EEC95-E9D0-460C-9342-E05E7BB0CCAD}.MC_Release|x86.Build.0 = Release|Win32
		{5E2EEC95-E9D0-460C-9342-E05E7BB0CCAD}.OBA_Release|x64.ActiveCfg = Release|x64
		{5E2EEC95-E9D0-460C-9342-E05E7BB0CCAD}.OBA_Release|x64.Build.0 = Release|x64
		{5E2EEC95-E9D0-460C-9342-E05E7BB0CCAD}.OBA_Release|x86.ActiveCfg = Release|Win32
		{5E2EEC95-E9D0-460C-9342-E05E7BB0CCAD}.OBA_Release|x86.Build.0 = Release|Win32
		{5E2EEC95-E9D0-460C-9342-E05E7BB0CCAD}.Release|x64.ActiveCfg = Release|x64
		{5E2EEC95-E9D0-460C-9342-E05E7BB0CCAD}.Release|x64.Build.0 = Release|x64
		{5E2EEC95-E9D0-460C-9342-E05E7BB0CCAD}.Release|x86.ActiveCfg = Release|Win32
		{5E2EEC95-E9D0-460C-9342-E05E7BB0CCAD}.Release|x86.Build.0 = Release|Win32
		{C1EC844B-05E1-42F1-99FD-A72A722F6EC5}.CW_Debug|x64.ActiveCfg = Debug|x64
		{C1EC844B-05E1-42F1-99FD-A72A722F6EC5}.CW_Debug|x64.Build.0 = Debug|x64
		{C1EC844B-05E1-42F1-99FD-A72A722F6EC5}.CW_Debug|x86.ActiveCfg = Debug|Win32
		{C1EC844B-05E1-42F1-99FD-A72A722F6EC5}.CW_Debug|x86.Build.0 = Debug|Win32
		{C1EC844B-05E1-42F1-99FD-A72A722F6EC5}.CW_Release|x64.ActiveCfg = Release|x64
		{C1EC844B-05E1-42F1-99FD-A72A722F6EC5}.CW_Release|x64.Build.0 = Release|x64
		{C1EC844B-05E1-42F1-99FD-A72A722F6EC5}.CW_Release|x86.ActiveCfg = Release|Win32
		{C1EC844B-05E1-42F1-99FD-A72A722F6EC5}.CW_Release|x86.Build.0 = Release|Win32
		{C1EC844B-05E1-42F1-99FD-A72A722F6EC5}.Debug|x64.ActiveCfg = Debug|x64
		{C1EC844B-05E1-42F1-99FD-A72A722F6EC5}.Debug|x64.Build.0 = Debug|x64
		{C1EC844B-05E1-42F1-99FD-A72A722F6EC5}.Debug|x86.ActiveCfg = Debug|Win32
		{C1EC844B-05E1-42F1-99FD-A72A722F6EC5}.Debug|x86.Build.0 = Debug|Win32
		{C1EC844B-05E1-42F1-99FD-A72A722F6EC5}.MC_Release|x64.ActiveCfg = Release|x64
		{C1EC844B-05E1-42F1-99FD-A72A722F6EC5}.MC_Release|x64.Build.0 = Release|x64
		{C1EC844B-05E1-42F1-99FD-A72A722F6EC5}.MC_Release|x86.ActiveCfg = Release|Win32
		{C1EC844B-05E1-42F1-99FD-A72A722F6EC5}.MC_Release|x86.Build.0 = Release|Win32
		{C1EC844B-05E1-42F1-99FD-A72A722F6EC5}.OBA_Release|x64.ActiveCfg = Release|x64
		{C1EC844B-05E1-42F1-99FD-A72A722F6EC5}.OBA_Release|x64.Build.0 = Release|x64
		{C1EC844B-05E1-42F1-99FD-A72A722F6EC5}.OBA_Release|x86.ActiveCfg = Release|Win32
		{C1EC844B-05E1-42F1-99FD-A72A722F6EC5}.OBA_Release|x86.Build.0 = Release|Win32
		{C1EC844B-05E1-42F1-99FD-A72A722F6EC5}.Release|x64.ActiveCfg = Release|x64
		{C1EC844B-05E1-42F1-99FD-A72A722F6EC5}.Release|x64.Build.0 = Release|x64
		{C1EC844B-05E1-42F1-99FD-A72A722F6EC5}.Release|x86.ActiveCfg = Release|Win32
		{C1EC844B-05E1-42F1-99FD-A72A722F6EC5}.Release|x86.Build.0 = Release|Win32
		{3BE04A70-C201-47FA-BB85-2D8737562408}.CW_Debug|x64.ActiveCfg = Debug|x64
		{3BE04A70-C201-47FA-BB85-2D8737562408}.CW_Debug|x64.Build.0 = Debug|x64
		{3BE04A70-C201-47FA-BB85-2D8737562408}.CW_Debug|x86.ActiveCfg = Debug|Win32
		{3BE04A70-C201-47FA-BB85-2D8737562408}.CW_Debug|x86.Build.0 = Debug|Win32
		{3BE04A70-C201-47FA-BB85-2D8737562408}.CW_Release|x64.ActiveCfg = Release|x64
		{3BE04A70-C201-47FA-BB85-2D8737562408}.CW_Release|x64.Build.0 = Release|x64
		{3BE04A70-C201-47FA-BB85-2D8737562408}.CW_Release|x86.ActiveCfg = Release|Win32
		{3BE04A70-C201-47FA-BB85-2D8737562408}.CW_Release|x86.Build.0 = Release|Win32
		{3BE04A70-C201-47FA-BB85-2D8737562408}.Debug|x64.ActiveCfg = Debug|x64
		{3BE04A70-C201-47FA-BB85-2D8737562408}.Debug|x64.Build.0 = Debug|x64
		{3BE04A70-C201-47FA-BB85-2D8737562408}.Debug|x86.ActiveCfg = Debug|Win32
		{3BE04A70-C201-47FA-BB85-2D8737562408}.Debug|x86.Build.0 = Debug|Win32
		{3BE04A70-C201-47FA-BB85-2D8737562408}.MC_Release|x64.ActiveCfg = Release|x64
		{3BE04A70-C201-47FA-BB85-2D8737562408}.MC_Release|x64.Build.0 = Release|x64
		{3BE04A70-C201-47FA-BB85-2D8737562408}.MC_Release|x86.ActiveCfg = Release|Win32
		{3BE04A70-C201-47FA-BB85-2D8737562408}.MC_Release|x86.Build.0 = Release|Win32
		{3BE04A70-C201-47FA-BB85-2D8737562408}.OBA_Release|x64.ActiveCfg = Release|x64
		{3BE04A70-C201-47FA-BB85-2D8737562408}.OBA_Release|x64.Build.0 = Release|x64
		{3BE04A70-C201-47FA-BB85-2D8737562408}.OBA_Release|x86.ActiveCfg = Release|Win32
		{3BE04A70-C201-47FA-BB85-2D8737562408}.OBA_Release|x86.Build.0 = Release|Win32
		{3BE04A70-C201-47FA-BB85-2D8737562408}.Release|x64.ActiveCfg = Release|x64
		{3BE04A70-C201-47FA-BB85-2D8737562408}.Release|x64.Build.0 = Release|x64
		{3BE04A70-C201-47FA-BB85-2D8737562408}.Release|x86.ActiveCfg = Release|Win32
		{3BE04A70-C201-47FA-BB85-2D8737562408}.Release|x86.Build.0 = Release|Win32
	EndGlobalSection
	GlobalSection(SolutionProperties) = preSolution
		HideSolutionNode = FALSE
	EndGlobalSection
	GlobalSection(ExtensibilityGlobals) = postSolution
		SolutionGuid = {ED4589C3-53F7-4877-8BFE-3506DF5E217A}
	EndGlobalSection
EndGlobal
